{
  "name": "node-js-course",
  "version": "1.0.0",
  "lockfileVersion": 3,
  "requires": true,
  "packages": {
    "": {
      "name": "node-js-course",
      "version": "1.0.0",
      "license": "ISC",
      "dependencies": {
        "scalarcalc": "^1.0.0"
      }
    },
    "node_modules/scalarcalc": {
      "version": "1.0.0",
      "resolved": "https://registry.npmjs.org/scalarcalc/-/scalarcalc-1.0.0.tgz",
      "integrity": "sha512-FF0YNleco12whZwUSPE1Fz7eO0xomce1mHsUj4yC3016oXk0vPhD4A9bMnuKZZtomLqSE4uRq9yDcSxnTXEAcw=="
    }
  }
}
